PODS:
  - Alamofire (4.4.0)
  - Reusable (4.0.0):
    - Reusable/Storyboard (= 4.0.0)
    - Reusable/View (= 4.0.0)
  - Reusable/Storyboard (4.0.0)
  - Reusable/View (4.0.0)

DEPENDENCIES:
  - Alamofire (~> 4.4)
  - Reusable

SPEC CHECKSUMS:
  Alamofire: dc44b1600b800eb63da6a19039a0083d62a6a62d
  Reusable: 98e5fff1e0e2e00872199699b276dde08ee56c07

PODFILE CHECKSUM: 089630c8789b03e776324e4fd3b251703a1fe589

COCOAPODS: 1.2.0
